// !$*UTF8*$!
{
	archiveVersion = 1;
	classes = {
	};
	objectVersion = 46;
	objects = {

/* Begin PBXBuildFile section */
		633FFEC51572C539007982E8 /* UIKit.framework in Frameworks */ = {isa = PBXBuildFile; fileRef = 633FFEC41572C539007982E8 /* UIKit.framework */; };
		633FFEC71572C539007982E8 /* Foundation.framework in Frameworks */ = {isa = PBXBuildFile; fileRef = 633FFEC61572C539007982E8 /* Foundation.framework */; };
		633FFEC91572C539007982E8 /* CoreGraphics.framework in Frameworks */ = {isa = PBXBuildFile; fileRef = 633FFEC81572C539007982E8 /* CoreGraphics.framework */; };
		633FFECF1572C539007982E8 /* InfoPlist.strings in Resources */ = {isa = PBXBuildFile; fileRef = 633FFECD1572C539007982E8 /* InfoPlist.strings */; };
		633FFED11572C539007982E8 /* main.m in Sources */ = {isa = PBXBuildFile; fileRef = 633FFED01572C539007982E8 /* main.m */; };
		633FFED51572C539007982E8 /* AppDelegate.m in Sources */ = {isa = PBXBuildFile; fileRef = 633FFED41572C539007982E8 /* AppDelegate.m */; };
		633FFED81572C539007982E8 /* MainStoryboard.storyboard in Resources */ = {isa = PBXBuildFile; fileRef = 633FFED61572C539007982E8 /* MainStoryboard.storyboard */; };
		633FFEDB1572C539007982E8 /* ViewController.m in Sources */ = {isa = PBXBuildFile; fileRef = 633FFEDA1572C539007982E8 /* ViewController.m */; };
		633FFEE21572C547007982E8 /* QuartzCore.framework in Frameworks */ = {isa = PBXBuildFile; fileRef = 633FFEE11572C547007982E8 /* QuartzCore.framework */; };
/* End PBXBuildFile section */

/* Begin PBXFileReference section */
		633FFEC01572C539007982E8 /* OvershootTimingFunction.app */ = {isa = PBXFileReference; explicitFileType = wrapper.application; includeInIndex = 0; path = OvershootTimingFunction.app; sourceTree = BUILT_PRODUCTS_DIR; };
		633FFEC41572C539007982E8 /* UIKit.framework */ = {isa = PBXFileReference; lastKnownFileType = wrapper.framework; name = UIKit.framework; path = System/Library/Frameworks/UIKit.framework; sourceTree = SDKROOT; };
		633FFEC61572C539007982E8 /* Foundation.framework */ = {isa = PBXFileReference; lastKnownFileType = wrapper.framework; name = Foundation.framework; path = System/Library/Frameworks/Foundation.framework; sourceTree = SDKROOT; };
		633FFEC81572C539007982E8 /* CoreGraphics.framework */ = {isa = PBXFileReference; lastKnownFileType = wrapper.framework; name = CoreGraphics.framework; path = System/Library/Frameworks/CoreGraphics.framework; sourceTree = SDKROOT; };
		633FFECC1572C539007982E8 /* OvershootTimingFunction-Info.plist */ = {isa = PBXFileReference; lastKnownFileType = text.plist.xml; path = "OvershootTimingFunction-Info.plist"; sourceTree = "<group>"; };
		633FFECE1572C539007982E8 /* en */ = {isa = PBXFileReference; lastKnownFileType = text.plist.strings; name = en; path = en.lproj/InfoPlist.strings; sourceTree = "<group>"; };
		633FFED01572C539007982E8 /* main.m */ = {isa = PBXFileReference; lastKnownFileType = sourcecode.c.objc; path = main.m; sourceTree = "<group>"; };
		633FFED21572C539007982E8 /* OvershootTimingFunction-Prefix.pch */ = {isa = PBXFileReference; lastKnownFileType = sourcecode.c.h; path = "OvershootTimingFunction-Prefix.pch"; sourceTree = "<group>"; };
		633FFED31572C539007982E8 /* AppDelegate.h */ = {isa = PBXFileReference; lastKnownFileType = sourcecode.c.h; path = AppDelegate.h; sourceTree = "<group>"; };
		633FFED41572C539007982E8 /* AppDelegate.m */ = {isa = PBXFileReference; lastKnownFileType = sourcecode.c.objc; path = AppDelegate.m; sourceTree = "<group>"; };
		633FFED71572C539007982E8 /* en */ = {isa = PBXFileReference; lastKnownFileType = file.storyboard; name = en; path = en.lproj/MainStoryboard.storyboard; sourceTree = "<group>"; };
		633FFED91572C539007982E8 /* ViewController.h */ = {isa = PBXFileReference; lastKnownFileType = sourcecode.c.h; path = ViewController.h; sourceTree = "<group>"; };
		633FFEDA1572C539007982E8 /* ViewController.m */ = {isa = PBXFileReference; lastKnownFileType = sourcecode.c.objc; path = ViewController.m; sourceTree = "<group>"; };
		633FFEE11572C547007982E8 /* QuartzCore.framework */ = {isa = PBXFileReference; lastKnownFileType = wrapper.framework; name = QuartzCore.framework; path = System/Library/Frameworks/QuartzCore.framework; sourceTree = SDKROOT; };
/* End PBXFileReference section */

/* Begin PBXFrameworksBuildPhase section */
		633FFEBD1572C539007982E8 /* Frameworks */ = {
			isa = PBXFrameworksBuildPhase;
			buildActionMask = 2147483647;
			files = (
				633FFEE21572C547007982E8 /* QuartzCore.framework in Frameworks */,
				633FFEC51572C539007982E8 /* UIKit.framework in Frameworks */,
				633FFEC71572C539007982E8 /* Foundation.framework in Frameworks */,
				633FFEC91572C539007982E8 /* CoreGraphics.framework in Frameworks */,
			);
			runOnlyForDeploymentPostprocessing = 0;
		};
/* End PBXFrameworksBuildPhase section */

/* Begin PBXGroup section */
		633FFEB51572C539007982E8 = {
			isa = PBXGroup;
			children = (
				633FFECA1572C539007982E8 /* OvershootTimingFunction */,
				633FFEC31572C539007982E8 /* Frameworks */,
				633FFEC11572C539007982E8 /* Products */,
			);
			sourceTree = "<group>";
		};
		633FFEC11572C539007982E8 /* Products */ = {
			isa = PBXGroup;
			children = (
				633FFEC01572C539007982E8 /* OvershootTimingFunction.app */,
			);
			name = Products;
			sourceTree = "<group>";
		};
		633FFEC31572C539007982E8 /* Frameworks */ = {
			isa = PBXGroup;
			children = (
				633FFEE11572C547007982E8 /* QuartzCore.framework */,
				633FFEC41572C539007982E8 /* UIKit.framework */,
				633FFEC61572C539007982E8 /* Foundation.framework */,
				633FFEC81572C539007982E8 /* CoreGraphics.framework */,
			);
			name = Frameworks;
			sourceTree = "<group>";
		};
		633FFECA1572C539007982E8 /* OvershootTimingFunction */ = {
			isa = PBXGroup;
			children = (
				633FFED31572C539007982E8 /* AppDelegate.h */,
				633FFED41572C539007982E8 /* AppDelegate.m */,
				633FFED61572C539007982E8 /* MainStoryboard.storyboard */,
				633FFED91572C539007982E8 /* ViewController.h */,
				633FFEDA1572C539007982E8 /* ViewController.m */,
				633FFECB1572C539007982E8 /* Supporting Files */,
			);
			path = OvershootTimingFunction;
			sourceTree = "<group>";
		};
		633FFECB1572C539007982E8 /* Supporting Files */ = {
			isa = PBXGroup;
			children = (
				633FFECC1572C539007982E8 /* OvershootTimingFunction-Info.plist */,
				633FFECD1572C539007982E8 /* InfoPlist.strings */,
				633FFED01572C539007982E8 /* main.m */,
				633FFED21572C539007982E8 /* OvershootTimingFunction-Prefix.pch */,
			);
			name = "Supporting Files";
			sourceTree = "<group>";
		};
/* End PBXGroup section */

/* Begin PBXNativeTarget section */
		633FFEBF1572C539007982E8 /* OvershootTimingFunction */ = {
			isa = PBXNativeTarget;
			buildConfigurationList = 633FFEDE1572C539007982E8 /* Build configuration list for PBXNativeTarget "OvershootTimingFunction" */;
			buildPhases = (
				633FFEBC1572C539007982E8 /* Sources */,
				633FFEBD1572C539007982E8 /* Frameworks */,
				633FFEBE1572C539007982E8 /* Resources */,
			);
			buildRules = (
			);
			dependencies = (
			);
			name = OvershootTimingFunction;
			productName = OvershootTimingFunction;
			productReference = 633FFEC01572C539007982E8 /* OvershootTimingFunction.app */;
			productType = "com.apple.product-type.application";
		};
/* End PBXNativeTarget section */

/* Begin PBXProject section */
		633FFEB71572C539007982E8 /* Project object */ = {
			isa = PBXProject;
			attributes = {
				LastUpgradeCheck = 0430;
			};
			buildConfigurationList = 633FFEBA1572C539007982E8 /* Build configuration list for PBXProject "OvershootTimingFunction" */;
			compatibilityVersion = "Xcode 3.2";
			developmentRegion = English;
			hasScannedForEncodings = 0;
			knownRegions = (
				en,
			);
			mainGroup = 633FFEB51572C539007982E8;
			productRefGroup = 633FFEC11572C539007982E8 /* Products */;
			projectDirPath = "";
			projectRoot = "";
			targets = (
				633FFEBF1572C539007982E8 /* OvershootTimingFunction */,
			);
		};
/* End PBXProject section */

/* Begin PBXResourcesBuildPhase section */
		633FFEBE1572C539007982E8 /* Resources */ = {
			isa = PBXResourcesBuildPhase;
			buildActionMask = 2147483647;
			files = (
				633FFECF1572C539007982E8 /* InfoPlist.strings in Resources */,
				633FFED81572C539007982E8 /* MainStoryboard.storyboard in Resources */,
			);
			runOnlyForDeploymentPostprocessing = 0;
		};
/* End PBXResourcesBuildPhase section */

/* Begin PBXSourcesBuildPhase section */
		633FFEBC1572C539007982E8 /* Sources */ = {
			isa = PBXSourcesBuildPhase;
			buildActionMask = 2147483647;
			files = (
				633FFED11572C539007982E8 /* main.m in Sources */,
				633FFED51572C539007982E8 /* AppDelegate.m in Sources */,
				633FFEDB1572C539007982E8 /* ViewController.m in Sources */,
			);
			runOnlyForDeploymentPostprocessing = 0;
		};
/* End PBXSourcesBuildPhase section */

/* Begin PBXVariantGroup section */
		633FFECD1572C539007982E8 /* InfoPlist.strings */ = {
			isa = PBXVariantGroup;
			children = (
				633FFECE1572C539007982E8 /* en */,
			);
			name = InfoPlist.strings;
			sourceTree = "<group>";
		};
		633FFED61572C539007982E8 /* MainStoryboard.storyboard */ = {
			isa = PBXVariantGroup;
			children = (
				633FFED71572C539007982E8 /* en */,
			);
			name = MainStoryboard.storyboard;
			sourceTree = "<group>";
		};
/* End PBXVariantGroup section */

/* Begin XCBuildConfiguration section */
		633FFEDC1572C539007982E8 /* Debug */ = {
			isa = XCBuildConfiguration;
			buildSettings = {
				ALWAYS_SEARCH_USER_PATHS = NO;
				ARCHS = "$(ARCHS_STANDARD_32_BIT)";
				CLANG_ENABLE_OBJC_ARC = YES;
				"CODE_SIGN_IDENTITY[sdk=iphoneos*]" = "iPhone Developer";
				COPY_PHASE_STRIP = NO;
				GCC_C_LANGUAGE_STANDARD = gnu99;
				GCC_DYNAMIC_NO_PIC = NO;
				GCC_OPTIMIZATION_LEVEL = 0;
				GCC_PREPROCESSOR_DEFINITIONS = (
					"DEBUG=1",
					"$(inherited)",
				);
				GCC_SYMBOLS_PRIVATE_EXTERN = NO;
				GCC_VERSION = com.apple.compilers.llvm.clang.1_0;
				GCC_WARN_ABOUT_RETURN_TYPE = YES;
				GCC_WARN_UNINITIALIZED_AUTOS = YES;
				GCC_WARN_UNUSED_VARIABLE = YES;
				IPHONEOS_DEPLOYMENT_TARGET = 5.1;
				SDKROOT = iphoneos;
			};
			name = Debug;
		};
		633FFEDD1572C539007982E8 /* Release */ = {
			isa = XCBuildConfiguration;
			buildSettings = {
				ALWAYS_SEARCH_USER_PATHS = NO;
				ARCHS = "$(ARCHS_STANDARD_32_BIT)";
				CLANG_ENABLE_OBJC_ARC = YES;
				"CODE_SIGN_IDENTITY[sdk=iphoneos*]" = "iPhone Developer";
				COPY_PHASE_STRIP = YES;
				GCC_C_LANGUAGE_STANDARD = gnu99;
				GCC_VERSION = com.apple.compilers.llvm.clang.1_0;
				GCC_WARN_ABOUT_RETURN_TYPE = YES;
				GCC_WARN_UNINITIALIZED_AUTOS = YES;
				GCC_WARN_UNUSED_VARIABLE = YES;
				IPHONEOS_DEPLOYMENT_TARGET = 5.1;
				OTHER_CFLAGS = "-DNS_BLOCK_ASSERTIONS=1";
				SDKROOT = iphoneos;
				VALIDATE_PRODUCT = YES;
			};
			name = Release;
		};
		633FFEDF1572C539007982E8 /* Debug */ = {
			isa = XCBuildConfiguration;
			buildSettings = {
				GCC_PRECOMPILE_PREFIX_HEADER = YES;
				GCC_PREFIX_HEADER = "OvershootTimingFunction/OvershootTimingFunction-Prefix.pch";
				INFOPLIST_FILE = "OvershootTimingFunction/OvershootTimingFunction-Info.plist";
				PRODUCT_NAME = "$(TARGET_NAME)";
				WRAPPER_EXTENSION = app;
			};
			name = Debug;
		};
		633FFEE01572C539007982E8 /* Release */ = {
			isa = XCBuildConfiguration;
			buildSettings = {
				GCC_PRECOMPILE_PREFIX_HEADER = YES;
				GCC_PREFIX_HEADER = "OvershootTimingFunction/OvershootTimingFunction-Prefix.pch";
				INFOPLIST_FILE = "OvershootTimingFunction/OvershootTimingFunction-Info.plist";
				PRODUCT_NAME = "$(TARGET_NAME)";
				WRAPPER_EXTENSION = app;
			};
			name = Release;
		};
/* End XCBuildConfiguration section */

/* Begin XCConfigurationList section */
		633FFEBA1572C539007982E8 /* Build configuration list for PBXProject "OvershootTimingFunction" */ = {
			isa = XCConfigurationList;
			buildConfigurations = (
				633FFEDC1572C539007982E8 /* Debug */,
				633FFEDD1572C539007982E8 /* Release */,
			);
			defaultConfigurationIsVisible = 0;
			defaultConfigurationName = Release;
		};
		633FFEDE1572C539007982E8 /* Build configuration list for PBXNativeTarget "OvershootTimingFunction" */ = {
			isa = XCConfigurationList;
			buildConfigurations = (
				633FFEDF1572C539007982E8 /* Debug */,
				633FFEE01572C539007982E8 /* Release */,
			);
			defaultConfigurationIsVisible = 0;
		};
/* End XCConfigurationList section */
	};
	rootObject = 633FFEB71572C539007982E8 /* Project object */;
}
